
Microsoft Visual Studio Solution File, Format Version 12.00
# Visual Studio Version 17
VisualStudioVersion = 17.3.32929.385
MinimumVisualStudioVersion = 10.0.40219.1
Project("{FAE04EC0-301F-11D3-BF4B-00C04F79EFBC}") = "Ejercicios complementarios", "Ejercicios complementarios.csproj", "{80BC4B37-0F47-41E9-8B01-345924FDDCCE}"
EndProject
Global
	GlobalSection(SolutionConfigurationPlatforms) = preSolution
		Debug|Any CPU = Debug|Any CPU
		Release|Any CPU = Release|Any CPU
	EndGlobalSection
	GlobalSection(ProjectConfigurationPlatforms) = postSolution
		{80BC4B37-0F47-41E9-8B01-345924FDDCCE}.Debug|Any CPU.ActiveCfg = Debug|Any CPU
		{80BC4B37-0F47-41E9-8B01-345924FDDCCE}.Debug|Any CPU.Build.0 = Debug|Any CPU
		{80BC4B37-0F47-41E9-8B01-345924FDDCCE}.Release|Any CPU.ActiveCfg = Release|Any CPU
		{80BC4B37-0F47-41E9-8B01-345924FDDCCE}.Release|Any CPU.Build.0 = Release|Any CPU
	EndGlobalSection
	GlobalSection(SolutionProperties) = preSolution
		HideSolutionNode = FALSE
	EndGlobalSection
	GlobalSection(ExtensibilityGlobals) = postSolution
		SolutionGuid = {D36A0AF1-D204-4F83-9DC5-D0F1F6507F53}
	EndGlobalSection
EndGlobal
